
Microsoft Visual Studio Solution File, Format Version 12.00
# Visual Studio Version 16
VisualStudioVersion = 16.0.29001.49
MinimumVisualStudioVersion = 10.0.40219.1
Project("{FAE04EC0-301F-11D3-BF4B-00C04F79EFBC}") = "EmployeeManagement", "EmployeeManagement.csproj", "{C7A4BB8E-1796-42F0-BD14-CA03FB285534}"
EndProject
Global
	GlobalSection(SolutionConfigurationPlatforms) = preSolution
		Debug|Any CPU = Debug|Any CPU
		Release|Any CPU = Release|Any CPU
	EndGlobalSection
	GlobalSection(ProjectConfigurationPlatforms) = postSolution
		{C7A4BB8E-1796-42F0-BD14-CA03FB285534}.Debug|Any CPU.ActiveCfg = Debug|Any CPU
		{C7A4BB8E-1796-42F0-BD14-CA03FB285534}.Debug|Any CPU.Build.0 = Debug|Any CPU
		{C7A4BB8E-1796-42F0-BD14-CA03FB285534}.Release|Any CPU.ActiveCfg = Release|Any CPU
		{C7A4BB8E-1796-42F0-BD14-CA03FB285534}.Release|Any CPU.Build.0 = Release|Any CPU
	EndGlobalSection
	GlobalSection(SolutionProperties) = preSolution
		HideSolutionNode = FALSE
	EndGlobalSection
	GlobalSection(ExtensibilityGlobals) = postSolution
		SolutionGuid = {9CE42EF1-663A-40C6-81A3-91499DAA76C7}
	EndGlobalSection
EndGlobal
